
Microsoft Visual Studio Solution File, Format Version 12.00
# Visual Studio Version 17
VisualStudioVersion = 17.13.35931.197
MinimumVisualStudioVersion = 10.0.40219.1
Project("{FAE04EC0-301F-11D3-BF4B-00C04F79EFBC}") = "UrlShortener", "UrlShortener\UrlShortener.csproj", "{B8FE3C03-B1C9-48F1-BC4E-EDB4CD177A7F}"
EndProject
Project("{FAE04EC0-301F-11D3-BF4B-00C04F79EFBC}") = "UrlShortener.Tests", "UrlShortener.Tests\UrlShortener.Tests.csproj", "{47469D37-1F7F-4CA8-B517-01416DD085D1}"
EndProject
Global
	GlobalSection(SolutionConfigurationPlatforms) = preSolution
		Debug|Any CPU = Debug|Any CPU
		Release|Any CPU = Release|Any CPU
	EndGlobalSection
	GlobalSection(ProjectConfigurationPlatforms) = postSolution
		{B8FE3C03-B1C9-48F1-BC4E-EDB4CD177A7F}.Debug|Any CPU.ActiveCfg = Debug|Any CPU
		{B8FE3C03-B1C9-48F1-BC4E-EDB4CD177A7F}.Debug|Any CPU.Build.0 = Debug|Any CPU
		{B8FE3C03-B1C9-48F1-BC4E-EDB4CD177A7F}.Release|Any CPU.ActiveCfg = Release|Any CPU
		{B8FE3C03-B1C9-48F1-BC4E-EDB4CD177A7F}.Release|Any CPU.Build.0 = Release|Any CPU
		{47469D37-1F7F-4CA8-B517-01416DD085D1}.Debug|Any CPU.ActiveCfg = Debug|Any CPU
		{47469D37-1F7F-4CA8-B517-01416DD085D1}.Debug|Any CPU.Build.0 = Debug|Any CPU
		{47469D37-1F7F-4CA8-B517-01416DD085D1}.Release|Any CPU.ActiveCfg = Release|Any CPU
		{47469D37-1F7F-4CA8-B517-01416DD085D1}.Release|Any CPU.Build.0 = Release|Any CPU
	EndGlobalSection
	GlobalSection(SolutionProperties) = preSolution
		HideSolutionNode = FALSE
	EndGlobalSection
	GlobalSection(ExtensibilityGlobals) = postSolution
		SolutionGuid = {0130F098-3F52-4ACE-A58C-36F022C6378F}
	EndGlobalSection
EndGlobal
